
Microsoft Visual Studio Solution File, Format Version 12.00
# Visual Studio Version 17
VisualStudioVersion = 17.9.34728.123
MinimumVisualStudioVersion = 10.0.40219.1
Project("{FAE04EC0-301F-11D3-BF4B-00C04F79EFBC}") = "TEST_CI_CD", "TEST_CI_CD.csproj", "{269DF38D-890D-4A29-A77B-A5880343C9AB}"
EndProject
Global
	GlobalSection(SolutionConfigurationPlatforms) = preSolution
		Debug|Any CPU = Debug|Any CPU
		Release|Any CPU = Release|Any CPU
	EndGlobalSection
	GlobalSection(ProjectConfigurationPlatforms) = postSolution
		{269DF38D-890D-4A29-A77B-A5880343C9AB}.Debug|Any CPU.ActiveCfg = Debug|Any CPU
		{269DF38D-890D-4A29-A77B-A5880343C9AB}.Debug|Any CPU.Build.0 = Debug|Any CPU
		{269DF38D-890D-4A29-A77B-A5880343C9AB}.Release|Any CPU.ActiveCfg = Release|Any CPU
		{269DF38D-890D-4A29-A77B-A5880343C9AB}.Release|Any CPU.Build.0 = Release|Any CPU
	EndGlobalSection
	GlobalSection(SolutionProperties) = preSolution
		HideSolutionNode = FALSE
	EndGlobalSection
	GlobalSection(ExtensibilityGlobals) = postSolution
		SolutionGuid = {72874E07-D427-499A-BFE1-82B3DDCD9045}
	EndGlobalSection
EndGlobal
